
Microsoft Visual Studio Solution File, Format Version 12.00
# Visual Studio Version 17
VisualStudioVersion = 17.10.34916.146
MinimumVisualStudioVersion = 10.0.40219.1
Project("{9A19103F-16F7-4668-BE54-9A1E7A4F7556}") = "Shared.Infrastructure", "Shared.Infrastructure\Shared.Infrastructure.csproj", "{2C617ECA-C9BE-4083-8C8D-92E812C95632}"
EndProject
Project("{9A19103F-16F7-4668-BE54-9A1E7A4F7556}") = "OrderService", "OrderService\OrderService.csproj", "{74A4E4BA-C33E-474A-A591-594C2CA42B58}"
EndProject
Project("{9A19103F-16F7-4668-BE54-9A1E7A4F7556}") = "NotificationService", "NotificationService\NotificationService.csproj", "{06457ED6-8054-4B8B-9DB1-363A0250A643}"
EndProject
Project("{9A19103F-16F7-4668-BE54-9A1E7A4F7556}") = "StockService", "StockService\StockService.csproj", "{190DB1A9-470E-4445-BF14-5B599CB5A963}"
EndProject
Project("{2150E333-8FDC-42A3-9474-1A3956D46DE8}") = "Solution Items", "Solution Items", "{7DAFFCDE-3FB8-45EB-8836-2B8C622FAFA0}"
	ProjectSection(SolutionItems) = preProject
		docker-compose.yml = docker-compose.yml
		start.ps1 = start.ps1
	EndProjectSection
EndProject
Project("{FAE04EC0-301F-11D3-BF4B-00C04F79EFBC}") = "VerificationService", "VerificationService\VerificationService.csproj", "{A405938A-4632-4D76-BE16-A4F8C898FEC5}"
EndProject
Global
	GlobalSection(SolutionConfigurationPlatforms) = preSolution
		Debug|Any CPU = Debug|Any CPU
		Release|Any CPU = Release|Any CPU
	EndGlobalSection
	GlobalSection(ProjectConfigurationPlatforms) = postSolution
		{2C617ECA-C9BE-4083-8C8D-92E812C95632}.Debug|Any CPU.ActiveCfg = Debug|Any CPU
		{2C617ECA-C9BE-4083-8C8D-92E812C95632}.Debug|Any CPU.Build.0 = Debug|Any CPU
		{2C617ECA-C9BE-4083-8C8D-92E812C95632}.Release|Any CPU.ActiveCfg = Release|Any CPU
		{2C617ECA-C9BE-4083-8C8D-92E812C95632}.Release|Any CPU.Build.0 = Release|Any CPU
		{74A4E4BA-C33E-474A-A591-594C2CA42B58}.Debug|Any CPU.ActiveCfg = Debug|Any CPU
		{74A4E4BA-C33E-474A-A591-594C2CA42B58}.Debug|Any CPU.Build.0 = Debug|Any CPU
		{74A4E4BA-C33E-474A-A591-594C2CA42B58}.Release|Any CPU.ActiveCfg = Release|Any CPU
		{74A4E4BA-C33E-474A-A591-594C2CA42B58}.Release|Any CPU.Build.0 = Release|Any CPU
		{06457ED6-8054-4B8B-9DB1-363A0250A643}.Debug|Any CPU.ActiveCfg = Debug|Any CPU
		{06457ED6-8054-4B8B-9DB1-363A0250A643}.Debug|Any CPU.Build.0 = Debug|Any CPU
		{06457ED6-8054-4B8B-9DB1-363A0250A643}.Release|Any CPU.ActiveCfg = Release|Any CPU
		{06457ED6-8054-4B8B-9DB1-363A0250A643}.Release|Any CPU.Build.0 = Release|Any CPU
		{190DB1A9-470E-4445-BF14-5B599CB5A963}.Debug|Any CPU.ActiveCfg = Debug|Any CPU
		{190DB1A9-470E-4445-BF14-5B599CB5A963}.Debug|Any CPU.Build.0 = Debug|Any CPU
		{190DB1A9-470E-4445-BF14-5B599CB5A963}.Release|Any CPU.ActiveCfg = Release|Any CPU
		{190DB1A9-470E-4445-BF14-5B599CB5A963}.Release|Any CPU.Build.0 = Release|Any CPU
		{A405938A-4632-4D76-BE16-A4F8C898FEC5}.Debug|Any CPU.ActiveCfg = Debug|Any CPU
		{A405938A-4632-4D76-BE16-A4F8C898FEC5}.Debug|Any CPU.Build.0 = Debug|Any CPU
		{A405938A-4632-4D76-BE16-A4F8C898FEC5}.Release|Any CPU.ActiveCfg = Release|Any CPU
		{A405938A-4632-4D76-BE16-A4F8C898FEC5}.Release|Any CPU.Build.0 = Release|Any CPU
	EndGlobalSection
	GlobalSection(SolutionProperties) = preSolution
		HideSolutionNode = FALSE
	EndGlobalSection
	GlobalSection(ExtensibilityGlobals) = postSolution
		SolutionGuid = {2AB26F29-00F4-4B87-997F-CE65CB6FE8FC}
	EndGlobalSection
EndGlobal
